
Microsoft Visual Studio Solution File, Format Version 12.00
# Visual Studio Version 16
VisualStudioVersion = 16.0.31410.357
MinimumVisualStudioVersion = 10.0.40219.1
Project("{9A19103F-16F7-4668-BE54-9A1E7A4F7556}") = "EventHubsSender", "EventHubsSender\EventHubsSender.csproj", "{DD7EAC38-6608-48F6-89EF-5D5AB55DF533}"
EndProject
Project("{9A19103F-16F7-4668-BE54-9A1E7A4F7556}") = "EventModel", "EventModel\EventModel.csproj", "{B16D0FF7-D89E-480C-9C39-28412229EF66}"
EndProject
Global
	GlobalSection(SolutionConfigurationPlatforms) = preSolution
		Debug|Any CPU = Debug|Any CPU
		Release|Any CPU = Release|Any CPU
	EndGlobalSection
	GlobalSection(ProjectConfigurationPlatforms) = postSolution
		{DD7EAC38-6608-48F6-89EF-5D5AB55DF533}.Debug|Any CPU.ActiveCfg = Debug|Any CPU
		{DD7EAC38-6608-48F6-89EF-5D5AB55DF533}.Debug|Any CPU.Build.0 = Debug|Any CPU
		{DD7EAC38-6608-48F6-89EF-5D5AB55DF533}.Release|Any CPU.ActiveCfg = Release|Any CPU
		{DD7EAC38-6608-48F6-89EF-5D5AB55DF533}.Release|Any CPU.Build.0 = Release|Any CPU
		{B16D0FF7-D89E-480C-9C39-28412229EF66}.Debug|Any CPU.ActiveCfg = Debug|Any CPU
		{B16D0FF7-D89E-480C-9C39-28412229EF66}.Debug|Any CPU.Build.0 = Debug|Any CPU
		{B16D0FF7-D89E-480C-9C39-28412229EF66}.Release|Any CPU.ActiveCfg = Release|Any CPU
		{B16D0FF7-D89E-480C-9C39-28412229EF66}.Release|Any CPU.Build.0 = Release|Any CPU
	EndGlobalSection
	GlobalSection(SolutionProperties) = preSolution
		HideSolutionNode = FALSE
	EndGlobalSection
	GlobalSection(ExtensibilityGlobals) = postSolution
		SolutionGuid = {92476ACC-921D-47F9-B760-402CC0B8A1B4}
	EndGlobalSection
EndGlobal
